
Microsoft Visual Studio Solution File, Format Version 12.00
# Visual Studio Version 17
VisualStudioVersion = 17.6.33723.286
MinimumVisualStudioVersion = 10.0.40219.1
Project("{9A19103F-16F7-4668-BE54-9A1E7A4F7556}") = "DignityWebApp", "DignityWebApp\DignityWebApp.csproj", "{2A214DC1-A285-4E50-9094-C558D0006605}"
EndProject
Project("{9A19103F-16F7-4668-BE54-9A1E7A4F7556}") = "DignityWebRazor_Temp", "DignityWebRazor_Temp\DignityWebRazor_Temp.csproj", "{418D5CDF-89B6-45AA-A44D-32CBEBBBAB2B}"
EndProject
Global
	GlobalSection(SolutionConfigurationPlatforms) = preSolution
		Debug|Any CPU = Debug|Any CPU
		Release|Any CPU = Release|Any CPU
	EndGlobalSection
	GlobalSection(ProjectConfigurationPlatforms) = postSolution
		{2A214DC1-A285-4E50-9094-C558D0006605}.Debug|Any CPU.ActiveCfg = Debug|Any CPU
		{2A214DC1-A285-4E50-9094-C558D0006605}.Debug|Any CPU.Build.0 = Debug|Any CPU
		{2A214DC1-A285-4E50-9094-C558D0006605}.Release|Any CPU.ActiveCfg = Release|Any CPU
		{2A214DC1-A285-4E50-9094-C558D0006605}.Release|Any CPU.Build.0 = Release|Any CPU
		{418D5CDF-89B6-45AA-A44D-32CBEBBBAB2B}.Debug|Any CPU.ActiveCfg = Debug|Any CPU
		{418D5CDF-89B6-45AA-A44D-32CBEBBBAB2B}.Debug|Any CPU.Build.0 = Debug|Any CPU
		{418D5CDF-89B6-45AA-A44D-32CBEBBBAB2B}.Release|Any CPU.ActiveCfg = Release|Any CPU
		{418D5CDF-89B6-45AA-A44D-32CBEBBBAB2B}.Release|Any CPU.Build.0 = Release|Any CPU
	EndGlobalSection
	GlobalSection(SolutionProperties) = preSolution
		HideSolutionNode = FALSE
	EndGlobalSection
	GlobalSection(ExtensibilityGlobals) = postSolution
		SolutionGuid = {599B4BA3-8808-470D-9D68-89F025030B9B}
	EndGlobalSection
EndGlobal
